
Microsoft Visual Studio Solution File, Format Version 12.00
# Visual Studio Version 17
VisualStudioVersion = 17.4.33110.190
MinimumVisualStudioVersion = 10.0.40219.1
Project("{9A19103F-16F7-4668-BE54-9A1E7A4F7556}") = "ServiceA", "ServiceA\ServiceA.csproj", "{C92E8313-BBD0-44E8-B894-0504D07500F9}"
EndProject
Project("{9A19103F-16F7-4668-BE54-9A1E7A4F7556}") = "ServiceB", "ServiceB\ServiceB.csproj", "{70293626-3A3A-44BF-A0B7-3BDB970B0BE2}"
EndProject
Project("{9A19103F-16F7-4668-BE54-9A1E7A4F7556}") = "Client", "Client\Client.csproj", "{4C4B1CD9-3513-48E6-B63B-8AC8C7234C3D}"
EndProject
Project("{9A19103F-16F7-4668-BE54-9A1E7A4F7556}") = "Service.Framework", "Service.Framework\Service.Framework.csproj", "{B2A54523-5630-42EF-96FF-F391A49A10A1}"
EndProject
Project("{E53339B2-1760-4266-BCC7-CA923CBCF16C}") = "docker-compose", "docker-compose.dcproj", "{5862112F-1DEB-4A84-A20B-CCC8322C104C}"
EndProject
Global
	GlobalSection(SolutionConfigurationPlatforms) = preSolution
		Debug|Any CPU = Debug|Any CPU
		Release|Any CPU = Release|Any CPU
	EndGlobalSection
	GlobalSection(ProjectConfigurationPlatforms) = postSolution
		{C92E8313-BBD0-44E8-B894-0504D07500F9}.Debug|Any CPU.ActiveCfg = Debug|Any CPU
		{C92E8313-BBD0-44E8-B894-0504D07500F9}.Debug|Any CPU.Build.0 = Debug|Any CPU
		{C92E8313-BBD0-44E8-B894-0504D07500F9}.Release|Any CPU.ActiveCfg = Release|Any CPU
		{C92E8313-BBD0-44E8-B894-0504D07500F9}.Release|Any CPU.Build.0 = Release|Any CPU
		{70293626-3A3A-44BF-A0B7-3BDB970B0BE2}.Debug|Any CPU.ActiveCfg = Debug|Any CPU
		{70293626-3A3A-44BF-A0B7-3BDB970B0BE2}.Debug|Any CPU.Build.0 = Debug|Any CPU
		{70293626-3A3A-44BF-A0B7-3BDB970B0BE2}.Release|Any CPU.ActiveCfg = Release|Any CPU
		{70293626-3A3A-44BF-A0B7-3BDB970B0BE2}.Release|Any CPU.Build.0 = Release|Any CPU
		{4C4B1CD9-3513-48E6-B63B-8AC8C7234C3D}.Debug|Any CPU.ActiveCfg = Debug|Any CPU
		{4C4B1CD9-3513-48E6-B63B-8AC8C7234C3D}.Debug|Any CPU.Build.0 = Debug|Any CPU
		{4C4B1CD9-3513-48E6-B63B-8AC8C7234C3D}.Release|Any CPU.ActiveCfg = Release|Any CPU
		{4C4B1CD9-3513-48E6-B63B-8AC8C7234C3D}.Release|Any CPU.Build.0 = Release|Any CPU
		{B2A54523-5630-42EF-96FF-F391A49A10A1}.Debug|Any CPU.ActiveCfg = Debug|Any CPU
		{B2A54523-5630-42EF-96FF-F391A49A10A1}.Debug|Any CPU.Build.0 = Debug|Any CPU
		{B2A54523-5630-42EF-96FF-F391A49A10A1}.Release|Any CPU.ActiveCfg = Release|Any CPU
		{B2A54523-5630-42EF-96FF-F391A49A10A1}.Release|Any CPU.Build.0 = Release|Any CPU
		{5862112F-1DEB-4A84-A20B-CCC8322C104C}.Debug|Any CPU.ActiveCfg = Debug|Any CPU
		{5862112F-1DEB-4A84-A20B-CCC8322C104C}.Debug|Any CPU.Build.0 = Debug|Any CPU
		{5862112F-1DEB-4A84-A20B-CCC8322C104C}.Release|Any CPU.ActiveCfg = Release|Any CPU
		{5862112F-1DEB-4A84-A20B-CCC8322C104C}.Release|Any CPU.Build.0 = Release|Any CPU
	EndGlobalSection
	GlobalSection(SolutionProperties) = preSolution
		HideSolutionNode = FALSE
	EndGlobalSection
	GlobalSection(ExtensibilityGlobals) = postSolution
		SolutionGuid = {E530A92D-E006-47E1-914B-36003B802B28}
	EndGlobalSection
EndGlobal
